// !$*UTF8*$!
{
	archiveVersion = 1;
	classes = {
	};
	objectVersion = 48;
	objects = {

/* Begin PBXBuildFile section */
		D4AF9D45203EAEA000E6D20F /* AppDelegate.m in Sources */ = {isa = PBXBuildFile; fileRef = D4AF9D44203EAEA000E6D20F /* AppDelegate.m */; };
		D4AF9D4B203EAEA000E6D20F /* Main.storyboard in Resources */ = {isa = PBXBuildFile; fileRef = D4AF9D49203EAEA000E6D20F /* Main.storyboard */; };
		D4AF9D4D203EAEA000E6D20F /* Assets.xcassets in Resources */ = {isa = PBXBuildFile; fileRef = D4AF9D4C203EAEA000E6D20F /* Assets.xcassets */; };
		D4AF9D50203EAEA000E6D20F /* LaunchScreen.storyboard in Resources */ = {isa = PBXBuildFile; fileRef = D4AF9D4E203EAEA000E6D20F /* LaunchScreen.storyboard */; };
		D4AF9D53203EAEA000E6D20F /* main.m in Sources */ = {isa = PBXBuildFile; fileRef = D4AF9D52203EAEA000E6D20F /* main.m */; };
		D4AF9D5D203EAEA000E6D20F /* VipVideoTests.m in Sources */ = {isa = PBXBuildFile; fileRef = D4AF9D5C203EAEA000E6D20F /* VipVideoTests.m */; };
		D4AF9D68203EAEA000E6D20F /* VipVideoUITests.m in Sources */ = {isa = PBXBuildFile; fileRef = D4AF9D67203EAEA000E6D20F /* VipVideoUITests.m */; };
		D4AF9D7A203EAFE600E6D20F /* HomeVC.m in Sources */ = {isa = PBXBuildFile; fileRef = D4AF9D79203EAFE600E6D20F /* HomeVC.m */; };
		D4AF9D7D203EB05200E6D20F /* TutorialVC.m in Sources */ = {isa = PBXBuildFile; fileRef = D4AF9D7C203EB05200E6D20F /* TutorialVC.m */; };
		D4AF9D80203EB0D600E6D20F /* WebKit.framework in Frameworks */ = {isa = PBXBuildFile; fileRef = D4AF9D7F203EB0D600E6D20F /* WebKit.framework */; };
		D4AF9D83203EBDE100E6D20F /* WebViewVC.m in Sources */ = {isa = PBXBuildFile; fileRef = D4AF9D82203EBDE100E6D20F /* WebViewVC.m */; };
		D4AF9D86203F9A2700E6D20F /* PlayVideoVC.m in Sources */ = {isa = PBXBuildFile; fileRef = D4AF9D85203F9A2700E6D20F /* PlayVideoVC.m */; };
		D4AF9DDE203FB58C00E6D20F /* 3.jpeg in Resources */ = {isa = PBXBuildFile; fileRef = D4AF9DDB203FB58B00E6D20F /* 3.jpeg */; };
		D4AF9DDF203FB58C00E6D20F /* 2.jpeg in Resources */ = {isa = PBXBuildFile; fileRef = D4AF9DDC203FB58B00E6D20F /* 2.jpeg */; };
		D4AF9DE0203FB58C00E6D20F /* 1.jpeg in Resources */ = {isa = PBXBuildFile; fileRef = D4AF9DDD203FB58C00E6D20F /* 1.jpeg */; };
		D4AF9DE3203FB5F100E6D20F /* ABCIntroView.m in Sources */ = {isa = PBXBuildFile; fileRef = D4AF9DE2203FB5F000E6D20F /* ABCIntroView.m */; };
/* End PBXBuildFile section */

/* Begin PBXContainerItemProxy section */
		D4AF9D59203EAEA000E6D20F /* PBXContainerItemProxy */ = {
			isa = PBXContainerItemProxy;
			containerPortal = D4AF9D38203EAE9F00E6D20F /* Project object */;
			proxyType = 1;
			remoteGlobalIDString = D4AF9D3F203EAEA000E6D20F;
			remoteInfo = VipVideo;
		};
		D4AF9D64203EAEA000E6D20F /* PBXContainerItemProxy */ = {
			isa = PBXContainerItemProxy;
			containerPortal = D4AF9D38203EAE9F00E6D20F /* Project object */;
			proxyType = 1;
			remoteGlobalIDString = D4AF9D3F203EAEA000E6D20F;
			remoteInfo = VipVideo;
		};
/* End PBXContainerItemProxy section */

/* Begin PBXFileReference section */
		D4AF9D40203EAEA000E6D20F /* VipVideo.app */ = {isa = PBXFileReference; explicitFileType = wrapper.application; includeInIndex = 0; path = VipVideo.app; sourceTree = BUILT_PRODUCTS_DIR; };
		D4AF9D43203EAEA000E6D20F /* AppDelegate.h */ = {isa = PBXFileReference; lastKnownFileType = sourcecode.c.h; path = AppDelegate.h; sourceTree = "<group>"; };
		D4AF9D44203EAEA000E6D20F /* AppDelegate.m */ = {isa = PBXFileReference; lastKnownFileType = sourcecode.c.objc; path = AppDelegate.m; sourceTree = "<group>"; };
		D4AF9D4A203EAEA000E6D20F /* Base */ = {isa = PBXFileReference; lastKnownFileType = file.storyboard; name = Base; path = Base.lproj/Main.storyboard; sourceTree = "<group>"; };
		D4AF9D4C203EAEA000E6D20F /* Assets.xcassets */ = {isa = PBXFileReference; lastKnownFileType = folder.assetcatalog; path = Assets.xcassets; sourceTree = "<group>"; };
		D4AF9D4F203EAEA000E6D20F /* Base */ = {isa = PBXFileReference; lastKnownFileType = file.storyboard; name = Base; path = Base.lproj/LaunchScreen.storyboard; sourceTree = "<group>"; };
		D4AF9D51203EAEA000E6D20F /* Info.plist */ = {isa = PBXFileReference; lastKnownFileType = text.plist.xml; path = Info.plist; sourceTree = "<group>"; };
		D4AF9D52203EAEA000E6D20F /* main.m */ = {isa = PBXFileReference; lastKnownFileType = sourcecode.c.objc; path = main.m; sourceTree = "<group>"; };
		D4AF9D58203EAEA000E6D20F /* VipVideoTests.xctest */ = {isa = PBXFileReference; explicitFileType = wrapper.cfbundle; includeInIndex = 0; path = VipVideoTests.xctest; sourceTree = BUILT_PRODUCTS_DIR; };
		D4AF9D5C203EAEA000E6D20F /* VipVideoTests.m */ = {isa = PBXFileReference; lastKnownFileType = sourcecode.c.objc; path = VipVideoTests.m; sourceTree = "<group>"; };
		D4AF9D5E203EAEA000E6D20F /* Info.plist */ = {isa = PBXFileReference; lastKnownFileType = text.plist.xml; path = Info.plist; sourceTree = "<group>"; };
		D4AF9D63203EAEA000E6D20F /* VipVideoUITests.xctest */ = {isa = PBXFileReference; explicitFileType = wrapper.cfbundle; includeInIndex = 0; path = VipVideoUITests.xctest; sourceTree = BUILT_PRODUCTS_DIR; };
		D4AF9D67203EAEA000E6D20F /* VipVideoUITests.m */ = {isa = PBXFileReference; lastKnownFileType = sourcecode.c.objc; path = VipVideoUITests.m; sourceTree = "<group>"; };
		D4AF9D69203EAEA000E6D20F /* Info.plist */ = {isa = PBXFileReference; lastKnownFileType = text.plist.xml; path = Info.plist; sourceTree = "<group>"; };
		D4AF9D78203EAFE600E6D20F /* HomeVC.h */ = {isa = PBXFileReference; lastKnownFileType = sourcecode.c.h; path = HomeVC.h; sourceTree = "<group>"; };
		D4AF9D79203EAFE600E6D20F /* HomeVC.m */ = {isa = PBXFileReference; lastKnownFileType = sourcecode.c.objc; path = HomeVC.m; sourceTree = "<group>"; };
		D4AF9D7B203EB05200E6D20F /* TutorialVC.h */ = {isa = PBXFileReference; lastKnownFileType = sourcecode.c.h; path = TutorialVC.h; sourceTree = "<group>"; };
		D4AF9D7C203EB05200E6D20F /* TutorialVC.m */ = {isa = PBXFileReference; lastKnownFileType = sourcecode.c.objc; path = TutorialVC.m; sourceTree = "<group>"; };
		D4AF9D7F203EB0D600E6D20F /* WebKit.framework */ = {isa = PBXFileReference; lastKnownFileType = wrapper.framework; name = WebKit.framework; path = System/Library/Frameworks/WebKit.framework; sourceTree = SDKROOT; };
		D4AF9D81203EBDE100E6D20F /* WebViewVC.h */ = {isa = PBXFileReference; lastKnownFileType = sourcecode.c.h; path = WebViewVC.h; sourceTree = "<group>"; };
		D4AF9D82203EBDE100E6D20F /* WebViewVC.m */ = {isa = PBXFileReference; lastKnownFileType = sourcecode.c.objc; path = WebViewVC.m; sourceTree = "<group>"; };
		D4AF9D84203F9A2700E6D20F /* PlayVideoVC.h */ = {isa = PBXFileReference; lastKnownFileType = sourcecode.c.h; path = PlayVideoVC.h; sourceTree = "<group>"; };
		D4AF9D85203F9A2700E6D20F /* PlayVideoVC.m */ = {isa = PBXFileReference; lastKnownFileType = sourcecode.c.objc; path = PlayVideoVC.m; sourceTree = "<group>"; };
		D4AF9DDB203FB58B00E6D20F /* 3.jpeg */ = {isa = PBXFileReference; lastKnownFileType = image.jpeg; path = 3.jpeg; sourceTree = "<group>"; };
		D4AF9DDC203FB58B00E6D20F /* 2.jpeg */ = {isa = PBXFileReference; lastKnownFileType = image.jpeg; path = 2.jpeg; sourceTree = "<group>"; };
		D4AF9DDD203FB58C00E6D20F /* 1.jpeg */ = {isa = PBXFileReference; lastKnownFileType = image.jpeg; path = 1.jpeg; sourceTree = "<group>"; };
		D4AF9DE1203FB5F000E6D20F /* ABCIntroView.h */ = {isa = PBXFileReference; fileEncoding = 4; lastKnownFileType = sourcecode.c.h; path = ABCIntroView.h; sourceTree = "<group>"; };
		D4AF9DE2203FB5F000E6D20F /* ABCIntroView.m */ = {isa = PBXFileReference; fileEncoding = 4; lastKnownFileType = sourcecode.c.objc; path = ABCIntroView.m; sourceTree = "<group>"; };
/* End PBXFileReference section */

/* Begin PBXFrameworksBuildPhase section */
		D4AF9D3D203EAEA000E6D20F /* Frameworks */ = {
			isa = PBXFrameworksBuildPhase;
			buildActionMask = 2147483647;
			files = (
				D4AF9D80203EB0D600E6D20F /* WebKit.framework in Frameworks */,
			);
			runOnlyForDeploymentPostprocessing = 0;
		};
		D4AF9D55203EAEA000E6D20F /* Frameworks */ = {
			isa = PBXFrameworksBuildPhase;
			buildActionMask = 2147483647;
			files = (
			);
			runOnlyForDeploymentPostprocessing = 0;
		};
		D4AF9D60203EAEA000E6D20F /* Frameworks */ = {
			isa = PBXFrameworksBuildPhase;
			buildActionMask = 2147483647;
			files = (
			);
			runOnlyForDeploymentPostprocessing = 0;
		};
/* End PBXFrameworksBuildPhase section */

/* Begin PBXGroup section */
		D4AF9D37203EAE9F00E6D20F = {
			isa = PBXGroup;
			children = (
				D4AF9D42203EAEA000E6D20F /* VipVideo */,
				D4AF9D5B203EAEA000E6D20F /* VipVideoTests */,
				D4AF9D66203EAEA000E6D20F /* VipVideoUITests */,
				D4AF9D41203EAEA000E6D20F /* Products */,
				D4AF9D7E203EB0D500E6D20F /* Frameworks */,
			);
			sourceTree = "<group>";
		};
		D4AF9D41203EAEA000E6D20F /* Products */ = {
			isa = PBXGroup;
			children = (
				D4AF9D40203EAEA000E6D20F /* VipVideo.app */,
				D4AF9D58203EAEA000E6D20F /* VipVideoTests.xctest */,
				D4AF9D63203EAEA000E6D20F /* VipVideoUITests.xctest */,
			);
			name = Products;
			sourceTree = "<group>";
		};
		D4AF9D42203EAEA000E6D20F /* VipVideo */ = {
			isa = PBXGroup;
			children = (
				D4AF9DDD203FB58C00E6D20F /* 1.jpeg */,
				D4AF9DDC203FB58B00E6D20F /* 2.jpeg */,
				D4AF9DDB203FB58B00E6D20F /* 3.jpeg */,
				D4AF9D43203EAEA000E6D20F /* AppDelegate.h */,
				D4AF9D44203EAEA000E6D20F /* AppDelegate.m */,
				D4AF9D78203EAFE600E6D20F /* HomeVC.h */,
				D4AF9D79203EAFE600E6D20F /* HomeVC.m */,
				D4AF9D81203EBDE100E6D20F /* WebViewVC.h */,
				D4AF9D82203EBDE100E6D20F /* WebViewVC.m */,
				D4AF9D84203F9A2700E6D20F /* PlayVideoVC.h */,
				D4AF9D85203F9A2700E6D20F /* PlayVideoVC.m */,
				D4AF9D7B203EB05200E6D20F /* TutorialVC.h */,
				D4AF9D7C203EB05200E6D20F /* TutorialVC.m */,
				D4AF9DE1203FB5F000E6D20F /* ABCIntroView.h */,
				D4AF9DE2203FB5F000E6D20F /* ABCIntroView.m */,
				D4AF9D49203EAEA000E6D20F /* Main.storyboard */,
				D4AF9D4C203EAEA000E6D20F /* Assets.xcassets */,
				D4AF9D4E203EAEA000E6D20F /* LaunchScreen.storyboard */,
				D4AF9D51203EAEA000E6D20F /* Info.plist */,
				D4AF9D52203EAEA000E6D20F /* main.m */,
			);
			path = VipVideo;
			sourceTree = "<group>";
		};
		D4AF9D5B203EAEA000E6D20F /* VipVideoTests */ = {
			isa = PBXGroup;
			children = (
				D4AF9D5C203EAEA000E6D20F /* VipVideoTests.m */,
				D4AF9D5E203EAEA000E6D20F /* Info.plist */,
			);
			path = VipVideoTests;
			sourceTree = "<group>";
		};
		D4AF9D66203EAEA000E6D20F /* VipVideoUITests */ = {
			isa = PBXGroup;
			children = (
				D4AF9D67203EAEA000E6D20F /* VipVideoUITests.m */,
				D4AF9D69203EAEA000E6D20F /* Info.plist */,
			);
			path = VipVideoUITests;
			sourceTree = "<group>";
		};
		D4AF9D7E203EB0D500E6D20F /* Frameworks */ = {
			isa = PBXGroup;
			children = (
				D4AF9D7F203EB0D600E6D20F /* WebKit.framework */,
			);
			name = Frameworks;
			sourceTree = "<group>";
		};
/* End PBXGroup section */

/* Begin PBXNativeTarget section */
		D4AF9D3F203EAEA000E6D20F /* VipVideo */ = {
			isa = PBXNativeTarget;
			buildConfigurationList = D4AF9D6C203EAEA000E6D20F /* Build configuration list for PBXNativeTarget "VipVideo" */;
			buildPhases = (
				D4AF9D3C203EAEA000E6D20F /* Sources */,
				D4AF9D3D203EAEA000E6D20F /* Frameworks */,
				D4AF9D3E203EAEA000E6D20F /* Resources */,
			);
			buildRules = (
			);
			dependencies = (
			);
			name = VipVideo;
			productName = VipVideo;
			productReference = D4AF9D40203EAEA000E6D20F /* VipVideo.app */;
			productType = "com.apple.product-type.application";
		};
		D4AF9D57203EAEA000E6D20F /* VipVideoTests */ = {
			isa = PBXNativeTarget;
			buildConfigurationList = D4AF9D6F203EAEA000E6D20F /* Build configuration list for PBXNativeTarget "VipVideoTests" */;
			buildPhases = (
				D4AF9D54203EAEA000E6D20F /* Sources */,
				D4AF9D55203EAEA000E6D20F /* Frameworks */,
				D4AF9D56203EAEA000E6D20F /* Resources */,
			);
			buildRules = (
			);
			dependencies = (
				D4AF9D5A203EAEA000E6D20F /* PBXTargetDependency */,
			);
			name = VipVideoTests;
			productName = VipVideoTests;
			productReference = D4AF9D58203EAEA000E6D20F /* VipVideoTests.xctest */;
			productType = "com.apple.product-type.bundle.unit-test";
		};
		D4AF9D62203EAEA000E6D20F /* VipVideoUITests */ = {
			isa = PBXNativeTarget;
			buildConfigurationList = D4AF9D72203EAEA000E6D20F /* Build configuration list for PBXNativeTarget "VipVideoUITests" */;
			buildPhases = (
				D4AF9D5F203EAEA000E6D20F /* Sources */,
				D4AF9D60203EAEA000E6D20F /* Frameworks */,
				D4AF9D61203EAEA000E6D20F /* Resources */,
			);
			buildRules = (
			);
			dependencies = (
				D4AF9D65203EAEA000E6D20F /* PBXTargetDependency */,
			);
			name = VipVideoUITests;
			productName = VipVideoUITests;
			productReference = D4AF9D63203EAEA000E6D20F /* VipVideoUITests.xctest */;
			productType = "com.apple.product-type.bundle.ui-testing";
		};
/* End PBXNativeTarget section */

/* Begin PBXProject section */
		D4AF9D38203EAE9F00E6D20F /* Project object */ = {
			isa = PBXProject;
			attributes = {
				LastUpgradeCheck = 0920;
				ORGANIZATIONNAME = "李林轩";
				TargetAttributes = {
					D4AF9D3F203EAEA000E6D20F = {
						CreatedOnToolsVersion = 9.2;
						ProvisioningStyle = Manual;
					};
					D4AF9D57203EAEA000E6D20F = {
						CreatedOnToolsVersion = 9.2;
						ProvisioningStyle = Automatic;
						TestTargetID = D4AF9D3F203EAEA000E6D20F;
					};
					D4AF9D62203EAEA000E6D20F = {
						CreatedOnToolsVersion = 9.2;
						ProvisioningStyle = Automatic;
						TestTargetID = D4AF9D3F203EAEA000E6D20F;
					};
				};
			};
			buildConfigurationList = D4AF9D3B203EAE9F00E6D20F /* Build configuration list for PBXProject "VipVideo" */;
			compatibilityVersion = "Xcode 8.0";
			developmentRegion = en;
			hasScannedForEncodings = 0;
			knownRegions = (
				en,
				Base,
			);
			mainGroup = D4AF9D37203EAE9F00E6D20F;
			productRefGroup = D4AF9D41203EAEA000E6D20F /* Products */;
			projectDirPath = "";
			projectRoot = "";
			targets = (
				D4AF9D3F203EAEA000E6D20F /* VipVideo */,
				D4AF9D57203EAEA000E6D20F /* VipVideoTests */,
				D4AF9D62203EAEA000E6D20F /* VipVideoUITests */,
			);
		};
/* End PBXProject section */

/* Begin PBXResourcesBuildPhase section */
		D4AF9D3E203EAEA000E6D20F /* Resources */ = {
			isa = PBXResourcesBuildPhase;
			buildActionMask = 2147483647;
			files = (
				D4AF9DDF203FB58C00E6D20F /* 2.jpeg in Resources */,
				D4AF9DE0203FB58C00E6D20F /* 1.jpeg in Resources */,
				D4AF9D50203EAEA000E6D20F /* LaunchScreen.storyboard in Resources */,
				D4AF9DDE203FB58C00E6D20F /* 3.jpeg in Resources */,
				D4AF9D4D203EAEA000E6D20F /* Assets.xcassets in Resources */,
				D4AF9D4B203EAEA000E6D20F /* Main.storyboard in Resources */,
			);
			runOnlyForDeploymentPostprocessing = 0;
		};
		D4AF9D56203EAEA000E6D20F /* Resources */ = {
			isa = PBXResourcesBuildPhase;
			buildActionMask = 2147483647;
			files = (
			);
			runOnlyForDeploymentPostprocessing = 0;
		};
		D4AF9D61203EAEA000E6D20F /* Resources */ = {
			isa = PBXResourcesBuildPhase;
			buildActionMask = 2147483647;
			files = (
			);
			runOnlyForDeploymentPostprocessing = 0;
		};
/* End PBXResourcesBuildPhase section */

/* Begin PBXSourcesBuildPhase section */
		D4AF9D3C203EAEA000E6D20F /* Sources */ = {
			isa = PBXSourcesBuildPhase;
			buildActionMask = 2147483647;
			files = (
				D4AF9D7D203EB05200E6D20F /* TutorialVC.m in Sources */,
				D4AF9D53203EAEA000E6D20F /* main.m in Sources */,
				D4AF9D83203EBDE100E6D20F /* WebViewVC.m in Sources */,
				D4AF9D7A203EAFE600E6D20F /* HomeVC.m in Sources */,
				D4AF9D86203F9A2700E6D20F /* PlayVideoVC.m in Sources */,
				D4AF9D45203EAEA000E6D20F /* AppDelegate.m in Sources */,
				D4AF9DE3203FB5F100E6D20F /* ABCIntroView.m in Sources */,
			);
			runOnlyForDeploymentPostprocessing = 0;
		};
		D4AF9D54203EAEA000E6D20F /* Sources */ = {
			isa = PBXSourcesBuildPhase;
			buildActionMask = 2147483647;
			files = (
				D4AF9D5D203EAEA000E6D20F /* VipVideoTests.m in Sources */,
			);
			runOnlyForDeploymentPostprocessing = 0;
		};
		D4AF9D5F203EAEA000E6D20F /* Sources */ = {
			isa = PBXSourcesBuildPhase;
			buildActionMask = 2147483647;
			files = (
				D4AF9D68203EAEA000E6D20F /* VipVideoUITests.m in Sources */,
			);
			runOnlyForDeploymentPostprocessing = 0;
		};
/* End PBXSourcesBuildPhase section */

/* Begin PBXTargetDependency section */
		D4AF9D5A203EAEA000E6D20F /* PBXTargetDependency */ = {
			isa = PBXTargetDependency;
			target = D4AF9D3F203EAEA000E6D20F /* VipVideo */;
			targetProxy = D4AF9D59203EAEA000E6D20F /* PBXContainerItemProxy */;
		};
		D4AF9D65203EAEA000E6D20F /* PBXTargetDependency */ = {
			isa = PBXTargetDependency;
			target = D4AF9D3F203EAEA000E6D20F /* VipVideo */;
			targetProxy = D4AF9D64203EAEA000E6D20F /* PBXContainerItemProxy */;
		};
/* End PBXTargetDependency section */

/* Begin PBXVariantGroup section */
		D4AF9D49203EAEA000E6D20F /* Main.storyboard */ = {
			isa = PBXVariantGroup;
			children = (
				D4AF9D4A203EAEA000E6D20F /* Base */,
			);
			name = Main.storyboard;
			sourceTree = "<group>";
		};
		D4AF9D4E203EAEA000E6D20F /* LaunchScreen.storyboard */ = {
			isa = PBXVariantGroup;
			children = (
				D4AF9D4F203EAEA000E6D20F /* Base */,
			);
			name = LaunchScreen.storyboard;
			sourceTree = "<group>";
		};
/* End PBXVariantGroup section */

/* Begin XCBuildConfiguration section */
		D4AF9D6A203EAEA000E6D20F /* Debug */ = {
			isa = XCBuildConfiguration;
			buildSettings = {
				ALWAYS_SEARCH_USER_PATHS = NO;
				CLANG_ANALYZER_NONNULL = YES;
				CLANG_ANALYZER_NUMBER_OBJECT_CONVERSION = YES_AGGRESSIVE;
				CLANG_CXX_LANGUAGE_STANDARD = "gnu++14";
				CLANG_CXX_LIBRARY = "libc++";
				CLANG_ENABLE_MODULES = YES;
				CLANG_ENABLE_OBJC_ARC = YES;
				CLANG_WARN_BLOCK_CAPTURE_AUTORELEASING = YES;
				CLANG_WARN_BOOL_CONVERSION = YES;
				CLANG_WARN_COMMA = YES;
				CLANG_WARN_CONSTANT_CONVERSION = YES;
				CLANG_WARN_DIRECT_OBJC_ISA_USAGE = YES_ERROR;
				CLANG_WARN_DOCUMENTATION_COMMENTS = YES;
				CLANG_WARN_EMPTY_BODY = YES;
				CLANG_WARN_ENUM_CONVERSION = YES;
				CLANG_WARN_INFINITE_RECURSION = YES;
				CLANG_WARN_INT_CONVERSION = YES;
				CLANG_WARN_NON_LITERAL_NULL_CONVERSION = YES;
				CLANG_WARN_OBJC_LITERAL_CONVERSION = YES;
				CLANG_WARN_OBJC_ROOT_CLASS = YES_ERROR;
				CLANG_WARN_RANGE_LOOP_ANALYSIS = YES;
				CLANG_WARN_STRICT_PROTOTYPES = YES;
				CLANG_WARN_SUSPICIOUS_MOVE = YES;
				CLANG_WARN_UNGUARDED_AVAILABILITY = YES_AGGRESSIVE;
				CLANG_WARN_UNREACHABLE_CODE = YES;
				CLANG_WARN__DUPLICATE_METHOD_MATCH = YES;
				CODE_SIGN_IDENTITY = "iPhone Developer";
				COPY_PHASE_STRIP = NO;
				DEBUG_INFORMATION_FORMAT = dwarf;
				ENABLE_STRICT_OBJC_MSGSEND = YES;
				ENABLE_TESTABILITY = YES;
				GCC_C_LANGUAGE_STANDARD = gnu11;
				GCC_DYNAMIC_NO_PIC = NO;
				GCC_NO_COMMON_BLOCKS = YES;
				GCC_OPTIMIZATION_LEVEL = 0;
				GCC_PREPROCESSOR_DEFINITIONS = (
					"DEBUG=1",
					"$(inherited)",
				);
				GCC_WARN_64_TO_32_BIT_CONVERSION = YES;
				GCC_WARN_ABOUT_RETURN_TYPE = YES_ERROR;
				GCC_WARN_UNDECLARED_SELECTOR = YES;
				GCC_WARN_UNINITIALIZED_AUTOS = YES_AGGRESSIVE;
				GCC_WARN_UNUSED_FUNCTION = YES;
				GCC_WARN_UNUSED_VARIABLE = YES;
				IPHONEOS_DEPLOYMENT_TARGET = 11.2;
				MTL_ENABLE_DEBUG_INFO = YES;
				ONLY_ACTIVE_ARCH = YES;
				SDKROOT = iphoneos;
			};
			name = Debug;
		};
		D4AF9D6B203EAEA000E6D20F /* Release */ = {
			isa = XCBuildConfiguration;
			buildSettings = {
				ALWAYS_SEARCH_USER_PATHS = NO;
				CLANG_ANALYZER_NONNULL = YES;
				CLANG_ANALYZER_NUMBER_OBJECT_CONVERSION = YES_AGGRESSIVE;
				CLANG_CXX_LANGUAGE_STANDARD = "gnu++14";
				CLANG_CXX_LIBRARY = "libc++";
				CLANG_ENABLE_MODULES = YES;
				CLANG_ENABLE_OBJC_ARC = YES;
				CLANG_WARN_BLOCK_CAPTURE_AUTORELEASING = YES;
				CLANG_WARN_BOOL_CONVERSION = YES;
				CLANG_WARN_COMMA = YES;
				CLANG_WARN_CONSTANT_CONVERSION = YES;
				CLANG_WARN_DIRECT_OBJC_ISA_USAGE = YES_ERROR;
				CLANG_WARN_DOCUMENTATION_COMMENTS = YES;
				CLANG_WARN_EMPTY_BODY = YES;
				CLANG_WARN_ENUM_CONVERSION = YES;
				CLANG_WARN_INFINITE_RECURSION = YES;
				CLANG_WARN_INT_CONVERSION = YES;
				CLANG_WARN_NON_LITERAL_NULL_CONVERSION = YES;
				CLANG_WARN_OBJC_LITERAL_CONVERSION = YES;
				CLANG_WARN_OBJC_ROOT_CLASS = YES_ERROR;
				CLANG_WARN_RANGE_LOOP_ANALYSIS = YES;
				CLANG_WARN_STRICT_PROTOTYPES = YES;
				CLANG_WARN_SUSPICIOUS_MOVE = YES;
				CLANG_WARN_UNGUARDED_AVAILABILITY = YES_AGGRESSIVE;
				CLANG_WARN_UNREACHABLE_CODE = YES;
				CLANG_WARN__DUPLICATE_METHOD_MATCH = YES;
				CODE_SIGN_IDENTITY = "iPhone Developer";
				COPY_PHASE_STRIP = NO;
				DEBUG_INFORMATION_FORMAT = "dwarf-with-dsym";
				ENABLE_NS_ASSERTIONS = NO;
				ENABLE_STRICT_OBJC_MSGSEND = YES;
				GCC_C_LANGUAGE_STANDARD = gnu11;
				GCC_NO_COMMON_BLOCKS = YES;
				GCC_WARN_64_TO_32_BIT_CONVERSION = YES;
				GCC_WARN_ABOUT_RETURN_TYPE = YES_ERROR;
				GCC_WARN_UNDECLARED_SELECTOR = YES;
				GCC_WARN_UNINITIALIZED_AUTOS = YES_AGGRESSIVE;
				GCC_WARN_UNUSED_FUNCTION = YES;
				GCC_WARN_UNUSED_VARIABLE = YES;
				IPHONEOS_DEPLOYMENT_TARGET = 11.2;
				MTL_ENABLE_DEBUG_INFO = NO;
				SDKROOT = iphoneos;
				VALIDATE_PRODUCT = YES;
			};
			name = Release;
		};
		D4AF9D6D203EAEA000E6D20F /* Debug */ = {
			isa = XCBuildConfiguration;
			buildSettings = {
				ASSETCATALOG_COMPILER_APPICON_NAME = AppIcon;
				"CODE_SIGN_IDENTITY[sdk=iphoneos*]" = "iPhone Developer";
				CODE_SIGN_STYLE = Manual;
				DEVELOPMENT_TEAM = K2NKSZ8QPQ;
				INFOPLIST_FILE = VipVideo/Info.plist;
				IPHONEOS_DEPLOYMENT_TARGET = 9.0;
				LD_RUNPATH_SEARCH_PATHS = "$(inherited) @executable_path/Frameworks";
				PRODUCT_BUNDLE_IDENTIFIER = lilinxuan;
				PRODUCT_NAME = "$(TARGET_NAME)";
				PROVISIONING_PROFILE = "9f0fbca4-aae6-4c9f-9d5f-055f96d0734b";
				PROVISIONING_PROFILE_SPECIFIER = lilinxuan;
				TARGETED_DEVICE_FAMILY = "1,2";
			};
			name = Debug;
		};
		D4AF9D6E203EAEA000E6D20F /* Release */ = {
			isa = XCBuildConfiguration;
			buildSettings = {
				ASSETCATALOG_COMPILER_APPICON_NAME = AppIcon;
				"CODE_SIGN_IDENTITY[sdk=iphoneos*]" = "iPhone Developer";
				CODE_SIGN_STYLE = Manual;
				DEVELOPMENT_TEAM = K2NKSZ8QPQ;
				INFOPLIST_FILE = VipVideo/Info.plist;
				IPHONEOS_DEPLOYMENT_TARGET = 9.0;
				LD_RUNPATH_SEARCH_PATHS = "$(inherited) @executable_path/Frameworks";
				PRODUCT_BUNDLE_IDENTIFIER = lilinxuan;
				PRODUCT_NAME = "$(TARGET_NAME)";
				PROVISIONING_PROFILE = "9f0fbca4-aae6-4c9f-9d5f-055f96d0734b";
				PROVISIONING_PROFILE_SPECIFIER = lilinxuan;
				TARGETED_DEVICE_FAMILY = "1,2";
			};
			name = Release;
		};
		D4AF9D70203EAEA000E6D20F /* Debug */ = {
			isa = XCBuildConfiguration;
			buildSettings = {
				BUNDLE_LOADER = "$(TEST_HOST)";
				CODE_SIGN_STYLE = Automatic;
				INFOPLIST_FILE = VipVideoTests/Info.plist;
				LD_RUNPATH_SEARCH_PATHS = "$(inherited) @executable_path/Frameworks @loader_path/Frameworks";
				PRODUCT_BUNDLE_IDENTIFIER = li.VipVideoTests;
				PRODUCT_NAME = "$(TARGET_NAME)";
				TARGETED_DEVICE_FAMILY = "1,2";
				TEST_HOST = "$(BUILT_PRODUCTS_DIR)/VipVideo.app/VipVideo";
			};
			name = Debug;
		};
		D4AF9D71203EAEA000E6D20F /* Release */ = {
			isa = XCBuildConfiguration;
			buildSettings = {
				BUNDLE_LOADER = "$(TEST_HOST)";
				CODE_SIGN_STYLE = Automatic;
				INFOPLIST_FILE = VipVideoTests/Info.plist;
				LD_RUNPATH_SEARCH_PATHS = "$(inherited) @executable_path/Frameworks @loader_path/Frameworks";
				PRODUCT_BUNDLE_IDENTIFIER = li.VipVideoTests;
				PRODUCT_NAME = "$(TARGET_NAME)";
				TARGETED_DEVICE_FAMILY = "1,2";
				TEST_HOST = "$(BUILT_PRODUCTS_DIR)/VipVideo.app/VipVideo";
			};
			name = Release;
		};
		D4AF9D73203EAEA000E6D20F /* Debug */ = {
			isa = XCBuildConfiguration;
			buildSettings = {
				CODE_SIGN_STYLE = Automatic;
				INFOPLIST_FILE = VipVideoUITests/Info.plist;
				LD_RUNPATH_SEARCH_PATHS = "$(inherited) @executable_path/Frameworks @loader_path/Frameworks";
				PRODUCT_BUNDLE_IDENTIFIER = li.VipVideoUITests;
				PRODUCT_NAME = "$(TARGET_NAME)";
				TARGETED_DEVICE_FAMILY = "1,2";
				TEST_TARGET_NAME = VipVideo;
			};
			name = Debug;
		};
		D4AF9D74203EAEA000E6D20F /* Release */ = {
			isa = XCBuildConfiguration;
			buildSettings = {
				CODE_SIGN_STYLE = Automatic;
				INFOPLIST_FILE = VipVideoUITests/Info.plist;
				LD_RUNPATH_SEARCH_PATHS = "$(inherited) @executable_path/Frameworks @loader_path/Frameworks";
				PRODUCT_BUNDLE_IDENTIFIER = li.VipVideoUITests;
				PRODUCT_NAME = "$(TARGET_NAME)";
				TARGETED_DEVICE_FAMILY = "1,2";
				TEST_TARGET_NAME = VipVideo;
			};
			name = Release;
		};
/* End XCBuildConfiguration section */

/* Begin XCConfigurationList section */
		D4AF9D3B203EAE9F00E6D20F /* Build configuration list for PBXProject "VipVideo" */ = {
			isa = XCConfigurationList;
			buildConfigurations = (
				D4AF9D6A203EAEA000E6D20F /* Debug */,
				D4AF9D6B203EAEA000E6D20F /* Release */,
			);
			defaultConfigurationIsVisible = 0;
			defaultConfigurationName = Release;
		};
		D4AF9D6C203EAEA000E6D20F /* Build configuration list for PBXNativeTarget "VipVideo" */ = {
			isa = XCConfigurationList;
			buildConfigurations = (
				D4AF9D6D203EAEA000E6D20F /* Debug */,
				D4AF9D6E203EAEA000E6D20F /* Release */,
			);
			defaultConfigurationIsVisible = 0;
			defaultConfigurationName = Release;
		};
		D4AF9D6F203EAEA000E6D20F /* Build configuration list for PBXNativeTarget "VipVideoTests" */ = {
			isa = XCConfigurationList;
			buildConfigurations = (
				D4AF9D70203EAEA000E6D20F /* Debug */,
				D4AF9D71203EAEA000E6D20F /* Release */,
			);
			defaultConfigurationIsVisible = 0;
			defaultConfigurationName = Release;
		};
		D4AF9D72203EAEA000E6D20F /* Build configuration list for PBXNativeTarget "VipVideoUITests" */ = {
			isa = XCConfigurationList;
			buildConfigurations = (
				D4AF9D73203EAEA000E6D20F /* Debug */,
				D4AF9D74203EAEA000E6D20F /* Release */,
			);
			defaultConfigurationIsVisible = 0;
			defaultConfigurationName = Release;
		};
/* End XCConfigurationList section */
	};
	rootObject = D4AF9D38203EAE9F00E6D20F /* Project object */;
}
